{
  "name": "FamilyTree",
  "lockfileVersion": 3,
  "requires": true,
  "packages": {
    "": {
      "dependencies": {
        "relationship.js": "^1.2.7"
      }
    },
    "node_modules/relationship.js": {
      "version": "1.2.7",
      "resolved": "https://registry.npmmirror.com/relationship.js/-/relationship.js-1.2.7.tgz",
      "integrity": "sha512-+wARUY8K9536P677Ee1GoPvrH5GdK2o1urR0n/r7nFVCYv/v6Lvo2FrXrlasHKZFPEGyrIU0xFYMnZ0tYf93SA==",
      "license": "MIT"
    }
  }
}
